
Microsoft Visual Studio Solution File, Format Version 12.00
# Visual Studio Version 17
VisualStudioVersion = 17.5.002.0
MinimumVisualStudioVersion = 10.0.40219.1
Project("{9A19103F-16F7-4668-BE54-9A1E7A4F7556}") = "jb", "jb.csproj", "{F44E7688-FA1E-4DD8-9EAA-B06161FC3AAF}"
EndProject
Global
	GlobalSection(SolutionConfigurationPlatforms) = preSolution
		Debug|Any CPU = Debug|Any CPU
		Release|Any CPU = Release|Any CPU
	EndGlobalSection
	GlobalSection(ProjectConfigurationPlatforms) = postSolution
		{F44E7688-FA1E-4DD8-9EAA-B06161FC3AAF}.Debug|Any CPU.ActiveCfg = Debug|Any CPU
		{F44E7688-FA1E-4DD8-9EAA-B06161FC3AAF}.Debug|Any CPU.Build.0 = Debug|Any CPU
		{F44E7688-FA1E-4DD8-9EAA-B06161FC3AAF}.Release|Any CPU.ActiveCfg = Release|Any CPU
		{F44E7688-FA1E-4DD8-9EAA-B06161FC3AAF}.Release|Any CPU.Build.0 = Release|Any CPU
	EndGlobalSection
	GlobalSection(SolutionProperties) = preSolution
		HideSolutionNode = FALSE
	EndGlobalSection
	GlobalSection(ExtensibilityGlobals) = postSolution
		SolutionGuid = {405834CD-AE58-45C0-B039-27ACF305295A}
	EndGlobalSection
EndGlobal
